bazil.org/fuse v0.0.0-20180421153158-65cc252bf669/go.mod h1:4H1zmzNpAPLhaQ+afSYb5AYIWqn34HPpWt491Wzoo9o=
cloud.google.com/go v0.23.0/go.mod h1:kDnjaiSCZk9/E44t5uoiPqnOj0kazt2RmrLTUg+WAak=
cloud.google.com/go v0.26.0/go.mod h1:kDnjaiSCZk9/E44t5uoiPqnOj0kazt2RmrLTUg+WAak=
cloud.google.com/go v0.31.0/go.mod h1:kDnjaiSCZk9/E44t5uoiPqnOj0kazt2RmrLTUg+WAak=
cloud.google.com/go v0.34.0/go.mod h1:tlK7dc99J4egCEMTzpxHzrFA9HGQC9QzDjQdxyobvgM=
contrib.go.opencensus.io/exporter/stackdriver v0.8.0/go.mod h1:hNe5qQofPbg6bLQY5wHCvQ7o+2E5P8PkegEuQ+MyRw0=
dmitri.shuralyov.com/app/changes v0.0.0-20180602232624-0a106ad413e3/go.mod h1:/0xumUicU3NTiAP4/hDu4ryh/8lc+Yi3us96G0eKIiE=
dmitri.shuralyov.com/app/changes v0.0.0-20181114035150-5af16e21babb/go.mod h1:/0xumUicU3NTiAP4/hDu4ryh/8lc+Yi3us96G0eKIiE=
dmitri.shuralyov.com/html/belt v0.0.0-20180602232347-f7d459c86be0/go.mod h1:e1OgmW4AJkNzGzUhSaE/Qzx2GLUVLuqzWCKUE9pplVM=
dmitri.shuralyov.com/route/github v0.0.0-20180323232716-ce4edef1f8c9/go.mod h1:5oSmIM2HxgXgKSUK0E6F3pcAfHztRSpKaVxglL+HLSk=
dmitri.shuralyov.com/service/change v0.0.0-20181023043359-a85b471d5412/go.mod h1:xNm5IAIcVRkmnkYajCn2PbsMLjt7f6jU2JWhsOFeiCY=
dmitri.shuralyov.com/service/change v0.0.0-20181114024418-7424d8ddca1d/go.mod h1:EmMbhDfpKiaGe+b9ZNgKa6nzt3a7YzJ2rnehQmz8mTI=
dmitri.shuralyov.com/state v0.0.0-20180228185332-28bcc343414c/go.mod h1:0PRwlb0D6DFvNNtx+9ybjezNCa8XF0xaYcETyp6rHWU=
git.apache.org/thrift.git v0.0.0-20180902110319-2566ecd5d999/go.mod h1:Y/nCxIDlKOCouVzli/dTpZus9VOLMbAmehO/6qEBPNY=
git.apache.org/thrift.git v0.0.0-20181211084444-2b7365c54f82/go.mod h1:KhGYjTIaHQU2ixlzV9jZVIICe9RpG9EcIk7ASTl0Ybs=
github.com/AaronO/go-git-http v0.0.0-20161214145340-1d9485b3a98f/go.mod h1:+6Yuq73F9068Na+mSBNXCvyuxvgw4f/g5ii40e3U8Sc=
github.com/BurntSushi/toml v0.3.1/go.mod h1:xHWCNGjB5oqiDr8zfno3MHue2Ht5sIBksp03qcyfWMU=
github.com/BurntSushi/xgb v0.0.0-20160522181843-27f122750802/go.mod h1:IVnqGOEym/WlBOVXweHU+Q+/VP0lqqI8lqeDx9IjBqo=
github.com/DataDog/zstd v1.3.4/go.mod h1:1jcaCB/ufaK+sKp1NBhlGmpz41jOoPQ35bpF36t7BBo=
github.com/GoogleCloudPlatform/cloudsql-proxy v0.0.0-20181215173202-6f1ecdcf9588/go.mod h1:dAKzxPFSw3mOgkSpJr2CxYq4iU+h3oA0/sQfosSVOH0=
github.com/Jeffail/gabs v1.1.1/go.mod h1:6xMvQMK4k33lb7GUUpaAPh6nKMmemQeg5d4gn7/bOXc=
github.com/Shopify/sarama v1.20.0/go.mod h1:c49UhOSr6vMbKmCAcIN0awVKCwcE1cZAWgYzokFg3ag=
github.com/Shopify/toxiproxy v2.1.3+incompatible/go.mod h1:HADXqc6Y+1L+gVmDlW9AS0nGgebeYlFHoD7fO2uhQEE=
github.com/Unknwon/cae v0.0.0-20160715032808-c6aac99ea2ca/go.mod h1:FivXMH5rlAFKGFc3KxBPb/YXPwm66G5xh9IoS47q9gg=
github.com/Unknwon/com v0.0.0-20181010210213-41959bdd855f/go.mod h1:4OqO8F1Z1HIU5ShS/FQ1fC2oUGfU6zPqbNsSf9qI3qc=
github.com/a8m/djson v0.0.0-20170509170705-c02c5aef757f/go.mod h1:b59HNJ+nZnAsvTPZb9OMF+Jt0uQ9SPQ7RxlUS5rnNcU=
github.com/aclements/go-gg v0.0.0-20170118225347-6dbb4e4fefb0/go.mod h1:QrWz/qk9FZE4QoSBUge1NcgcLJn5R15wkrw4Enncd3s=
github.com/aclements/go-moremath v0.0.0-20161014184102-0ff62e0875ff/go.mod h1:0V3ZsdxC68/Iq+X8+TBw3vfhu7fIzvoP7ZotdQZiapA=
github.com/aclements/go-moremath v0.0.0-20180329182055-b1aff36309c7/go.mod h1:0V3ZsdxC68/Iq+X8+TBw3vfhu7fIzvoP7ZotdQZiapA=
github.com/ajstarks/deck v0.0.0-20181216174417-5281747127b5/go.mod h1:xvtH1zXOvTFopdnKjHab8hSdbppERfE2QYnhRdY4NsI=
github.com/ajstarks/openvg v0.0.0-20180830055844-541ccdb64c6d/go.mod h1:pH7JG3tOFCsahCMQ/CNdxV3RyShjvi9f8LYMgxIsOXI=
github.com/ajstarks/svgo v0.0.0-20181006003313-6ce6a3bcf6cd/go.mod h1:JnCQb+kXTXb6qG75VTYKYScBpMJeie8ETuK7k6jJQng=
github.com/alcortesm/tgz v0.0.0-20161220082320-9c5fe88206d7/go.mod h1:6zEj6s6u/ghQa61ZWa/C2Aw3RkjiTBOix7dkqa1VLIs=
github.com/alecthomas/template v0.0.0-20160405071501-a0175ee3bccc/go.mod h1:LOuyumcjzFXgccqObfd/Ljyb9UuFJ6TxHnclSeseNhc=
github.com/alecthomas/units v0.0.0-20151022065526-2efee857e7cf/go.mod h1:JqO3YzgMirAwwM/JOUg3e3qXSc5VnK1Uv/vf+974qcw=
github.com/andygrunwald/go-gerrit v0.0.0-20181207071854-19ef3e9332a4/go.mod h1:gHE5mh9z+1uel8ZafrBkjFCL5onMqt29EU9Y7gLLkHY=
github.com/anmitsu/go-shlex v0.0.0-20161002113705-648efa622239/go.mod h1:tsQsKCj3XHjoGOwfc9SuWIBiQAtgrZVi2Ecp+K7I2c8=
github.com/antonholmquist/jason v1.0.0/go.mod h1:+GxMEKI0Va2U8h3os6oiUAetHAlGMvxjdpAH/9uvUMA=
github.com/apache/thrift v0.0.0-20181211084444-2b7365c54f82/go.mod h1:vv895HwHSCxzKb9HwECEZdDl7Dlkim6waR5+Ulkj4bI=
github.com/apex/log v1.1.0/go.mod h1:O6zq04Oe4Sus//7dyQGqPPClPRD4Snp7FTPdmq2q6nM=
github.com/aphistic/golf v0.0.0-20180712155816-02c07f170c5a/go.mod h1:fdmot8UqkLCr+tAmKwxtLLUQCppuFAe8n6eUbLP0IVQ=
github.com/aphistic/sweet v0.0.0-20180618201346-68e18ab55a67/go.mod h1:ddadcrsK20DnQcqhwW++hMhfJcVKx5kizu1BFSx4rbA=
github.com/armon/consul-api v0.0.0-20180202201655-eb2c6b5be1b6/go.mod h1:grANhF5doyWs3UAsr3K4I6qtAmlQcZDesFNEHPZAzj8=
github.com/aws/aws-sdk-go v1.15.31/go.mod h1:mFuSZ37Z9YOHbQEwBWztmVzqXrEkub65tZoCYDt7FT0=
github.com/aws/aws-sdk-go v1.16.6/go.mod h1:KmX6BPdI08NWTb3/sm4ZGu5ShLoqVDhKgpiN924inxo=
github.com/aybabtme/rgbterm v0.0.0-20170906152045-cc83f3b3ce59/go.mod h1:q/89r3U2H7sSsE2t6Kca0lfwTK8JdoNGS/yzM/4iH5I=
github.com/beorn7/perks v0.0.0-20180321164747-3a771d992973/go.mod h1:Dwedo/Wpr24TaqPxmxbtue+5NUziq4I4S80YR8gNf3Q=
github.com/beyang/hgo v0.0.0-20150825035631-d45f1891a48a/go.mod h1:n88RubZnITBFvoKP88nD4ajBX+PekZgpQOCgxazSTTA=
github.com/bgentry/speakeasy v0.1.0/go.mod h1:+zsyZBPWlz7T6j88CTgSN5bM796AkVf0kBD4zp0CCIs=
github.com/bitly/go-simplejson v0.5.0/go.mod h1:5eDFoukovfEOORcyzKu/W/aj1LkKSjObxOK3+WSxYDk=
github.com/bmizerany/assert v0.0.0-20160611221934-b7ed37b82869/go.mod h1:59f4HnS9/AjHd1eb/zaWqyerLgll7vMPWrOjKL/sJFg=
github.com/boltdb/bolt v1.3.1/go.mod h1:KAzu34lze1TkdqmIJCqAlGBBjpFNHWh3asO+jtkG1Nk=
github.com/boombuler/barcode v1.0.0/go.mod h1:paBWMcWSl3LHKBqUq+rly7CNSldXjb2rDl3JlRe0mD8=
github.com/bradfitz/go-smtpd v0.0.0-20170404230938-deb6d6237625/go.mod h1:HYsPBTaaSFSlLx/70C2HPIMNZpVV8+vt/A+FMnYP11g=
github.com/bradfitz/gomemcache v0.0.0-20180710155616-bc664df96737/go.mod h1:PmM6Mmwb0LSuEubjR8N7PtNe1KxZLtOUHtbeikc5h60=
github.com/buger/jsonparser v0.0.0-20180910192245-6acdf747ae99/go.mod h1:y2aIKEC+IQE/TUTfbKQrWcwKF4TleN7YG0NlP5hREyo=
github.com/chzyer/logex v1.1.10/go.mod h1:+Ywpsq7O8HXn0nuIou7OrIPyXbp3wmkHB+jjWRnGsAI=
github.com/chzyer/readline v0.0.0-20180603132655-2972be24d48e/go.mod h1:3+tmoM7vQ0cQaSDxpzzvJBRG2xw6pmEvTtyPebtAeLA=
github.com/chzyer/test v0.0.0-20180213035817-a1ea475d72b1/go.mod h1:MDJoiQLuI+Enoyig9zuyfGsRVHEDtphT6kVQpik/HfM=
github.com/client9/misspell v0.3.4/go.mod h1:nhl6bW/MQpZXlAoxPhsouOogC9RqQxQ+YKGNxCmH4c8=
github.com/codegangsta/cli v1.20.0 h1:iX1FXEgwzd5+XN6wk5cVHOGQj6Q3Dcp20lUeS4lHNTw=
github.com/codegangsta/cli v1.20.0/go.mod h1:Z4u/FxqqxPx76+mfYLoB6WkpLdak1AP5dfSmEBtk/c0=
github.com/coreos/bbolt v1.3.0/go.mod h1:opljMSdumxd9Vm5+7dtthzC9zcQn6eSQ9EZ5zyzMR24=
github.com/coreos/bbolt v1.3.1-coreos.6/go.mod h1:IAcCc3ATYCtYHFiZGgplHhZ1w6bo56AzxnLh7DS9QMY=
github.com/coreos/etcd v3.3.10+incompatible/go.mod h1:90NKGFbVewCSEr5W5kpcxhqxd9eTFwT58d2yrlRlFzM=
github.com/coreos/go-etcd v2.0.0+incompatible/go.mod h1:Jez6KQU2B/sWsbdaef3ED8NzMklzPG4d5KIOhIy30Tk=
github.com/coreos/go-semver v0.2.0/go.mod h1:xQRjBP49YZ1vRiOJ94QQ3oHduDeCDxPsJPIvEDfcJaE=
github.com/coreos/go-systemd v0.0.0-20181012123002-c6f51f82210d/go.mod h1:g4ZCNNvbbPRD0GAUwstLtKI8ce8J4ZnSlJbyMzz7+zo=
github.com/coreos/go-systemd v0.0.0-20181031085051-9002847aa142/go.mod h1:g4ZCNNvbbPRD0GAUwstLtKI8ce8J4ZnSlJbyMzz7+zo=
github.com/coreos/pkg v0.0.0-20180928190104-399ea9e2e55f/go.mod h1:3/0Mzij9AFH3p1mxaNfEdtpkYcIeSgKCIVelRWkgiv0=
github.com/cpuguy83/go-md2man v1.0.8/go.mod h1:yNIZmzNg+KUv9L/b8b2vqU3E+lCOwdpTbX8VwlukIKM=
github.com/cznic/cc v0.0.0-20181122101902-d673e9b70d4d/go.mod h1:+90lJOZl9c8tHggT+Glq0ceK9Fov4cBKM3mHbWZ72wQ=
github.com/cznic/fileutil v0.0.0-20181122101858-4d67cfea8c87/go.mod h1:ke3Y9pailD4su3pIZTLUbvdZOlJwYB47WYNBE5gLlwA=
github.com/cznic/golex v0.0.0-20181122101858-9c343928389c/go.mod h1:HmSkFfn4J6DdXTxx1PENNdWWALpUnMxIUjKOl3qUnws=
github.com/cznic/internal v0.0.0-20181122101858-3279554c546e/go.mod h1:9PXiLo2V+m8zStdrLxqdYaManLnFNWrasEeWn/AcNd4=
github.com/cznic/ir v0.0.0-20181122101859-da7ba2ecce8b/go.mod h1:5Ymc/QhQazONukSNLi36BOAPK0bRuY/8c38iirwcEEQ=
github.com/cznic/lex v0.0.0-20181122101858-ce0fb5e9bb1b/go.mod h1:1n4VjJPlJ2alg5kRfj9l51qRUPswXqd0+M0GLP2RoMo=
github.com/cznic/lexer v0.0.0-20181122101858-e884d4bd112e/go.mod h1:gc+mMFFAobo2xpJ/7fDNUqaLRJAG19XlahP0SXVaRww=
github.com/cznic/mathutil v0.0.0-20181122101859-297441e03548/go.mod h1:WdMvpx5IN02gaICxrVR08bbOcvRpnxNzRjeBijP6aQ0=
github.com/cznic/strutil v0.0.0-20181122101858-275e90344537/go.mod h1:6WEyUleBMxoRX0+yDkhgmkf9OLlFu3hSNFmWufdQcN0=
github.com/cznic/xc v0.0.0-20181122101856-45b06973881e/go.mod h1:RBi00bivYckP1tG63QetlDrXiGT7le92e7PZZ+BpOsk=
github.com/davecgh/go-spew v0.0.0-20160907170601-6d212800a42e/go.mod h1:J7Y8YcW2NihsgmVo/mv3lAwl/skON4iLHjSsI+c5H38=
github.com/davecgh/go-spew v1.1.0/go.mod h1:J7Y8YcW2NihsgmVo/mv3lAwl/skON4iLHjSsI+c5H38=
github.com/davecgh/go-spew v1.1.1/go.mod h1:J7Y8YcW2NihsgmVo/mv3lAwl/skON4iLHjSsI+c5H38=
github.com/dgrijalva/jwt-go v3.2.0+incompatible/go.mod h1:E3ru+11k8xSBh+hMPgOLZmtrrCbhqsmaPHjLKYnJCaQ=
github.com/disintegration/gift v1.2.0/go.mod h1:Jh2i7f7Q2BM7Ezno3PhfezbR1xpUg9dUg3/RlKGr4HI=
github.com/dsnet/compress v0.0.0-20171208185109-cc9eb1d7ad76 h1:eX+pdPPlD279OWgdx7f6KqIRSONuK7egk+jDx7OM3Ac=
github.com/dsnet/compress v0.0.0-20171208185109-cc9eb1d7ad76/go.mod h1:jpH8WhhR34njo0KK22cs7imUNs8JBM6A7QdJINI/MIM=
github.com/dsnet/golib v0.0.0-20171103203638-1ea166775780/go.mod h1:LFsjr/R3iz70Y2k40ifioCCI5PndEI6nqOAFkDrzhiw=
github.com/dustin/go-broadcast v0.0.0-20171205050544-f664265f5a66/go.mod h1:kTEh6M2J/mh7nsskr28alwLCXm/DSG5OSA/o31yy2XU=
github.com/dustin/go-humanize v1.0.0/go.mod h1:HtrtbFcZ19U5GC7JDqmcUSB87Iq5E25KnS6fMYU6eOk=
github.com/eapache/go-resiliency v1.1.0/go.mod h1:kFI+JgMyC7bLPUVY133qvEBtVayf5mFgVsvEsIPBvNs=
github.com/eapache/go-xerial-snappy v0.0.0-20180814174437-776d5712da21/go.mod h1:by/uN/FT3PhJ03Prr17uTSdiZZVTusWcRybXGF+QQHI=
github.com/eapache/queue v1.1.0/go.mod h1:6eCeP0CKFpHLu8blIFXhExK/dRa7WDZfr6jVFPTqq+I=
github.com/edsrzf/mmap-go v1.0.0/go.mod h1:xtRDHSe4MYIx5/d1ESASd+8rhDVQpzf6RM0sPX4LB/w=
github.com/emirpasic/gods v1.9.0/go.mod h1:YfzfFFoVP/catgzJb4IKIqXjX78Ha8FMSDh3ymbK86o=
github.com/emirpasic/gods v1.12.0 h1:QAUIPSaCu4G+POclxeqb3F+WPpdKqFGlw36+yOzGlrg=
github.com/emirpasic/gods v1.12.0/go.mod h1:YfzfFFoVP/catgzJb4IKIqXjX78Ha8FMSDh3ymbK86o=
github.com/fatih/color v1.7.0/go.mod h1:iKW2TvTjd/n62mYP9xEpk7TCFUTUuIALBKdA6jF1CZY=
github.com/flynn/go-shlex v0.0.0-20150515145356-3f9db97f8568/go.mod h1:xEzjJPgXI435gkrCt3MPfRiAkVrwSbHsst4LCFVfpJc=
github.com/fogleman/gg v1.1.0/go.mod h1:pvf4X2K/F6TlzlkDW8CDEzP5uXo3IwFbuh+/1oU8Tcg=
github.com/fsnotify/fsnotify v1.4.7/go.mod h1:2XfaPycOABJoBcdQWyY1lApRS/rf77PxXcIyBXq+I14=
github.com/garyburd/redigo v1.6.0/go.mod h1:NR3MbYisc3/PwhQ00EMzDiPmrwpPxAn5GI05/YaO1SY=
github.com/ghodss/yaml v1.0.0/go.mod h1:kLn5Gig5aK74gvkkZ7SFO9/hjOBwggVugqjBYXkeCCc=
github.com/gin-contrib/sse v0.0.0-20170109093832-22d885f9ecc7/go.mod h1:RpB+/YlV4sqT+3P+JxYMH/zwfnK7MJLQzMCOHUtuTkY=
github.com/gin-gonic/autotls v0.0.0-20180426091246-be87bd5ef97b/go.mod h1:gDsp7DwUW874NCblwcyPGrKIzZ6Ix46tHd337kAS6iw=
github.com/gin-gonic/gin v1.3.0/go.mod h1:Oy0/EpeQc13wuZLDhbY8vlGj6PmUH7hpIgqHl8P4UQk=
github.com/gliderlabs/ssh v0.1.1/go.mod h1:poBIVggenB2FSRGCVh5exDXERUPMucrEwfl5UGi1eOU=
github.com/go-ini/ini v1.25.4/go.mod h1:HyKAVGLIq4iZ0e+nZc3DqAw3KcmfpZWhGWKxRqS/WQQ=
github.com/go-kit/kit v0.8.0/go.mod h1:xBxKIO96dXMWWy0MnWVtmwkA9/13aqxPnvrjFYMA2as=
github.com/go-logfmt/logfmt v0.3.0/go.mod h1:Qt1PoO58o5twSAckw1HlFXLmHsOX5/0LbT9GBnD5lWE=
github.com/go-logfmt/logfmt v0.4.0/go.mod h1:3RMwSq7FuexP4Kalkev3ejPJsZTpXXBr9+V4qmtdjCk=
github.com/go-resty/resty v0.0.0-20180405024425-f8815663de1e/go.mod h1:zzZGvIlraIpEczctvst2zhv/SOfkgwjPu2PJ5CjH+Pw=
github.com/go-sql-driver/mysql v1.4.1/go.mod h1:f0eVpi6evD0r4ohoAIkz9uDUwu/lLsqfkF0ILaB3z0Y=
github.com/go-stack/stack v1.8.0/go.mod h1:v0f6uXyyMGvRgIKkXu+yp6POWl0qKG85gN/melR3HDY=
github.com/gobwas/glob v0.2.3/go.mod h1:d3Ez4x06l9bZtSvzIay5+Yzi0fmZzPgnTbPcKjJAkT8=
github.com/godbus/dbus v4.1.0+incompatible/go.mod h1:/YcGZj5zSblfDWMMoOzV4fas9FZnQYTkDnsGvmh2Grw=
github.com/gogo/protobuf v1.1.1/go.mod h1:r8qH/GZQm5c6nD/R0oafs1akxWv10x8SbQlK7atdtwQ=
github.com/gogo/protobuf v1.2.0/go.mod h1:r8qH/GZQm5c6nD/R0oafs1akxWv10x8SbQlK7atdtwQ=
github.com/goji/param v0.0.0-20160927210335-d7f49fd7d1ed/go.mod h1:GZJblUu7ACjguvQUK2un6nQBlnZk7H1MzXZdfrFUd8Q=
github.com/golang/freetype v0.0.0-20170609003504-e2365dfdc4a0/go.mod h1:ldMGI/qzR5Vspnv3Q5UsmKJS/YuLgZUnKeZZR5O4dow=
github.com/golang/glog v0.0.0-20160126235308-23def4e6c14b/go.mod h1:SBH7ygxi8pfUlaOkMMuAQtPIUF8ecWP5IEl/CR7VP2Q=
github.com/golang/groupcache v0.0.0-20181024230925-c65c006176ff/go.mod h1:xOOnxOjBKpy+RvVNocb+Qfwr6drssDNr8ZpYtBxax/8=
github.com/golang/lint v0.0.0-20180702182130-06c8688daad7/go.mod h1:P66rj0XWr7Uavjzclk+rgUxaH3s//18QHUfIcNYa3Cs=
github.com/golang/mock v1.1.1/go.mod h1:h7dk4YGn5MXdqj0LkAZUGDEdZ5SMH/KubbvZDVlUWoM=
github.com/golang/mock v1.2.0/go.mod h1:oTYuIxOrZwtPieC+H1uAHpcLFnEyAGVDL/k47Jfbm0A=
github.com/golang/protobuf v1.1.0/go.mod h1:pr1CzrKqzxm6ceE1oBK6/SSI16Y84zpS0F7w/+E6oac=
github.com/golang/protobuf v1.2.0/go.mod h1:pr1CzrKqzxm6ceE1oBK6/SSI16Y84zpS0F7w/+E6oac=
github.com/golang/snappy v0.0.0-20180518054509-2e65f85255db h1:woRePGFeVFfLKN/pOkfl+p/TAqKOfFu+7KPlMVpok/w=
github.com/golang/snappy v0.0.0-20180518054509-2e65f85255db/go.mod h1:/XxbfmMg8lxefKM7IXC3fBNl/7bRcc72aCRzEWrmP2Q=
github.com/gomodule/redigo v2.0.0+incompatible/go.mod h1:B4C85qUVwatsJoIUNIfCRsp7qO0iAmpGFZ4EELWSbC4=
github.com/gonum/blas v0.0.0-20181208220705-f22b278b28ac/go.mod h1:X4GTuHe6JyMUAf0VWBXT5rCx2Nu+5DvEWyj1MQFefoo=
github.com/gonum/floats v0.0.0-20181209220543-c233463c7e82/go.mod h1:Y7CA9AT4LqXxlbtqljPmsB1+nlb14zPdLZLVE0ojZxg=
github.com/gonum/internal v0.0.0-20181124074243-f884aa714029/go.mod h1:qREc8ci3CCP5ZkDq5W6sUtzO1ThJJqt8sRp0UhnOBks=
github.com/gonum/lapack v0.0.0-20181123203213-e4cdc5a0bff9/go.mod h1:IecBsXdDSQUm/0uopOaTM2giD9pSpAy+wN5Wq6B//yQ=
github.com/gonum/matrix v0.0.0-20181209220409-c518dec07be9/go.mod h1:/CeFSLEBqTbPN4SL2q+VVBpYd3e/qQ76pkAEoqDTAeU=
github.com/google/btree v0.0.0-20180813153112-4030bb1f1f0c/go.mod h1:lNA+9X1NB3Zf8V7Ke586lFgjr2dZNuvo3lPJSGZ5JPQ=
github.com/google/go-cmp v0.2.0/go.mod h1:oXzfMopK8JAjlY9xF4vHSVASa0yLyX7SntLO5aqRK0M=
github.com/google/go-github v17.0.0+incompatible/go.mod h1:yD5M+mUBPFOzYT+snxykKc4GHo24LVqFjikrPD48Y+Q=
github.com/google/go-querystring v1.0.0/go.mod h1:odCYkC5MyYFN7vkCjXpyrEuKhc/BUO6wN/zVPAxq5ck=
github.com/google/gofuzz v0.0.0-20170612174753-24818f796faf/go.mod h1:HP5RmnzzSNb993RKQDq4+1A4ia9nllfqcQFTQJedwGI=
github.com/google/martian v2.1.0+incompatible/go.mod h1:k7xplMmgOhOobEer6+57XulRI+drC7XFJfDRMo/Nhbo=
github.com/google/pprof v0.0.0-20181206194817-3ea8567a2e57/go.mod h1:WKcf/lvQlLgTd6VTskPVhu3p4RzgLV8gBP+PV7LmjhY=
github.com/google/uuid v1.1.0/go.mod h1:TIyPZe4MgqvfeYDBFedMoGGpEw/LqOeaOT+nhxU+yHo=
github.com/googleapis/gax-go v2.0.0+incompatible/go.mod h1:532YsvEnkfktDfOwuLTb+v9q1ezr/wbv3oEqehQcMek=
github.com/googleapis/gax-go v2.0.2+incompatible/go.mod h1:Rml8YuHaHFWnZTdznr6Xg24YwUgSEhPBkVnOrHVqa2A=
github.com/gopherjs/gopherjs v0.0.0-20181017120253-0766667cb4d1/go.mod h1:Wq4KIiUTFOz4yCeeVGY8ye+1QNJA/UhfrwopZEniC68=
github.com/gopherjs/gopherjs v0.0.0-20181103185306-d547d1d9531e/go.mod h1:45KN4C/9090vbI/dtT6RPzJ/gWqgFTa2/JUBTNkSK20=
github.com/gorilla/context v0.0.0-20130531032101-708054d61e5a/go.mod h1:kBGZzfjB9CEq2AlWe17Uuf7NDRt0dE0s8S51q0aT7Yg=
github.com/gorilla/context v1.1.1/go.mod h1:kBGZzfjB9CEq2AlWe17Uuf7NDRt0dE0s8S51q0aT7Yg=
github.com/gorilla/mux v0.0.0-20131205071822-9ede152210fa/go.mod h1:IT6yykuzuXN4ST2nG2F2J5LwXnJmzXSxdCARtpT/bhQ=
github.com/gorilla/mux v1.6.2/go.mod h1:IT6yykuzuXN4ST2nG2F2J5LwXnJmzXSxdCARtpT/bhQ=
github.com/gorilla/websocket v1.4.0/go.mod h1:E7qHFY5m1UJ88s3WnNqhKjPHQ0heANvMoAMk2YaljkQ=
github.com/graph-gophers/graphql-go v0.0.0-20181128220952-0079757a4d96/go.mod h1:nwAbTGnuKFobH1ScGWSxYyff9N9jof/nT+96EiTW3m0=
github.com/gregjones/httpcache v0.0.0-20180305231024-9cad4c3443a7/go.mod h1:ubMcNhqeJ7TW5OBHcHPviVnyVffG+Lb5OZvHyxAmEBc=
github.com/gregjones/httpcache v0.0.0-20181110185634-c63ab54fda8f/go.mod h1:HC1H/1iW1S/eil1wsxn1x9n68Z+kUSUrxevfAicCkTU=
github.com/grpc-ecosystem/go-grpc-middleware v1.0.0/go.mod h1:RNwxQmpWRF9PQldsiPJaPmlcKJNEAFD+0mBPrpZot8c=
github.com/grpc-ecosystem/go-grpc-prometheus v1.2.0/go.mod h1:zFvJpqGNHnElrHuycAbl1wy6t8oMlJJltKDyKVOJQHc=
github.com/grpc-ecosystem/grpc-gateway v1.5.0/go.mod h1:YY0YbDOsZNK+t4jZNttLHJp4joWfQxv+OqRi3BunjGk=
github.com/grpc-ecosystem/grpc-gateway v1.6.2/go.mod h1:YY0YbDOsZNK+t4jZNttLHJp4joWfQxv+OqRi3BunjGk=
github.com/hashicorp/hcl v1.0.0/go.mod h1:E5yfLk+7swimpb2L/Alb/PJmXilQ/rhwaUYs4T20WEQ=
github.com/hpcloud/tail v1.0.0/go.mod h1:XsZQhHkJ66lYRP/Dts304n8w4qz5E36Kw/iSCJfIMNA=
github.com/ianlancetaylor/demangle v0.0.0-20181102032728-5e5cf60278f6/go.mod h1:aSSvb/t6k1mPoxDqO4vJh6VOCGPwU4O0C2/Eqndh1Sc=
github.com/inconshreveable/log15 v0.0.0-20180818164646-67afb5ed74ec/go.mod h1:5iPmKw7cn6mbuJ7tJNoJEFRdoMHcXguA/hOEI7LTmrE=
github.com/inconshreveable/mousetrap v1.0.0/go.mod h1:PxqpIevigyE2G7u3NXJIT2ANytuPF1OarO4DADm73n8=
github.com/jbenet/go-context v0.0.0-20150711004518-d14ea06fba99 h1:BQSFePA1RWJOlocH6Fxy8MmwDt+yVQYULKfN0RoTN8A=
github.com/jbenet/go-context v0.0.0-20150711004518-d14ea06fba99/go.mod h1:+NROLljc7p9iObeGRZS6S8nyf5pCKW9sXmvpBe+xUpE=
github.com/jellevandenhooff/dkim v0.0.0-20150330215556-f50fe3d243e1/go.mod h1:E0B/fFc00Y+Rasa88328GlI/XbtyysCtTHZS8h7IrBU=
github.com/jessevdk/go-assets v0.0.0-20160921144138-4f4301a06e15/go.mod h1:Fdm/oWRW+CH8PRbLntksCNtmcCBximKPkVQYvmMl80k=
github.com/jessevdk/go-flags v1.4.0/go.mod h1:4FA24M0QyGHXBuZZK/XkWh8h0e1EYbRYJSGM75WSRxI=
github.com/jfrog/gocmd v0.1.1 h1:oJ4KNIVkV/lmHkJGOExeRxKmE6au7RsUSkTcmHVJjA0=
github.com/jfrog/gocmd v0.1.1/go.mod h1:1+Lu/wg1505QvOCGv4GIoD4r73TW0SWt2DnjlMKbbcM=
github.com/jfrog/gocmd v0.1.2-0.20190128073840-51d9c86aab1f h1:GyBoOOBpE4mr9HonVq2hHOGCadqzUhgv0ShlBRYkcL0=
github.com/jfrog/gocmd v0.1.2-0.20190128073840-51d9c86aab1f/go.mod h1:1+Lu/wg1505QvOCGv4GIoD4r73TW0SWt2DnjlMKbbcM=
github.com/jfrog/gocmd v0.1.2 h1:6UR7P5+9smYJvxzHsomuvR9cCssOPfFNpnpqsF3oOR4=
github.com/jfrog/gocmd v0.1.2/go.mod h1:1+Lu/wg1505QvOCGv4GIoD4r73TW0SWt2DnjlMKbbcM=
github.com/jfrog/gofrog v1.0.2/go.mod h1:4Caxvc8B2K1A798G1Ne+SsUICRPPre4GpgcFqj+EXJ8=
github.com/jfrog/gofrog v1.0.3 h1:npsZ64nBjphtv527ihFyV+lMqzNNgjb1KLl6q4UAhj0=
github.com/jfrog/gofrog v1.0.3/go.mod h1:4Caxvc8B2K1A798G1Ne+SsUICRPPre4GpgcFqj+EXJ8=
github.com/jfrog/jfrog-client-go v0.2.2 h1:Y9buCW+c/nRkty2GSpXTJQe28GoAG3ZvFgCua3LYdQA=
github.com/jfrog/jfrog-client-go v0.2.2/go.mod h1:g0MPAQDBbGWqn473RyKpGEUttjSm78kVyX+0gMasT3I=
github.com/jmespath/go-jmespath v0.0.0-20160202185014-0b12d6b521d8/go.mod h1:ZXk/XZew1WGToe0lj6bdCXcJgRo/hb9Hj5+XOg4oZi0=
github.com/jmespath/go-jmespath v0.0.0-20180206201540-c2b33e8439af/go.mod h1:ZXk/XZew1WGToe0lj6bdCXcJgRo/hb9Hj5+XOg4oZi0=
github.com/jonboulle/clockwork v0.1.0/go.mod h1:Ii8DK3G1RaLaWxj9trq07+26W01tbo22gdxWY5EU2bo=
github.com/jpillora/backoff v0.0.0-20180909062703-3050d21c67d7/go.mod h1:2iMrUgbbvHEiQClaW2NsSzMyGHqN+rDFqY705q49KG0=
github.com/json-iterator/go v1.1.5/go.mod h1:AGE6RWxSqW26QVeL08QpeCBfVx4yLl/u/JGUok76D5g=
github.com/jtolds/gls v4.2.1+incompatible/go.mod h1:zJMRsLB2teoZ8VMIB5XFByzKVd0o/BtL2Ma0G9Nbk/g=
github.com/julienschmidt/httprouter v1.2.0/go.mod h1:SYymIcj16QtmaHHD7aYtjjsJG7VTCxuUUipMqKk8s4w=
github.com/jung-kurt/gofpdf v1.0.0/go.mod h1:jqhqDvuEz77EwIM2gK91HK7LXzynQP07KR69ISZXBx0=
github.com/kevinburke/ssh_config v0.0.0-20180830205328-81db2a75821e h1:RgQk53JHp/Cjunrr1WlsXSZpqXn+uREuHvUVcK82CV8=
github.com/kevinburke/ssh_config v0.0.0-20180830205328-81db2a75821e/go.mod h1:YnDW+fAuI9/EyrFGjUSTb9b0zontk829xOaI1v7Ah6k=
github.com/kisielk/gotool v1.0.0/go.mod h1:XhKaO+MFFWcvkIS/tQcRk01m1F5IRFswLeQ+oQHNcck=
github.com/klauspost/compress v1.4.1/go.mod h1:o9frWqPMZ2XSJzWcF18AF1UVNgmydAN0eeO0otSrLM0=
github.com/klauspost/cpuid v1.2.0/go.mod h1:Pj4uuM528wm8OyEC2QMXAi2YiTZ96dNQPGgoMS4s3ek=
github.com/konsorten/go-windows-terminal-sequences v1.0.1/go.mod h1:T0+1ngSBFLxvqU3pZ+m/2kptfBszLMUkC4ZK/EgS/cQ=
github.com/kr/fs v0.1.0/go.mod h1:FFnZGqtBN9Gxj7eW1uZ42v5BccTP0vu6NEaFoC2HwRg=
github.com/kr/logfmt v0.0.0-20140226030751-b84e30acd515/go.mod h1:+0opPa2QZZtGFBFZlji/RkVcI2GknAs/DXo4wKdlNEc=
github.com/kr/pretty v0.1.0/go.mod h1:dAy3ld7l9f0ibDNOQOHHMYYIIbhfbHSm3C4ZsoJORNo=
github.com/kr/pty v1.1.1/go.mod h1:pFQYn66WHrOpPYNljwOMqo10TkYh1fy3cYio2l3bCsQ=
github.com/kr/pty v1.1.3/go.mod h1:pFQYn66WHrOpPYNljwOMqo10TkYh1fy3cYio2l3bCsQ=
github.com/kr/text v0.1.0/go.mod h1:4Jbv+DJW3UT/LiOwJeYQe1efqtUx/iVham/4vfdArNI=
github.com/lib/pq v1.0.0/go.mod h1:5WUZQaWbwv1U+lTReE5YruASi9Al49XbQIvNi/34Woo=
github.com/magiconair/properties v1.8.0/go.mod h1:PppfXfuXeibc/6YijjN8zIbojt8czPbwD3XqdrwzmxQ=
github.com/mailru/easyjson v0.0.0-20180823135443-60711f1a8329/go.mod h1:iMIDnGu0pMuWWeP/hmA9lJsfiLSCGtdq+IYvMPAMw28=
github.com/manucorporat/stats v0.0.0-20180402194714-3ba42d56d227/go.mod h1:ruMr5t05gVho4tuDv0PbI0Bb8nOxc/5Y6JzRHe/yfA0=
github.com/mattn/go-colorable v0.0.9/go.mod h1:C6YpXko+LpGsPjmcpcNL8KaYV4SVbn18HXcmoX7Npz8=
github.com/mattn/go-isatty v0.0.4/go.mod h1:Kyi9O2doO6MGxq8Km5cZHeQ/ZcH06cwV9chxmoWYths=
github.com/mattn/go-runewidth v0.0.2/go.mod h1:LwmH8dsx7+W8Uxz3IHJYH5QSwggIsqBzpuz5H//U1FU=
github.com/mattn/go-runewidth v0.0.4/go.mod h1:LwmH8dsx7+W8Uxz3IHJYH5QSwggIsqBzpuz5H//U1FU=
github.com/mattn/go-shellwords v1.0.3 h1:K/VxK7SZ+cvuPgFSLKi5QPI9Vr/ipOf4C1gN+ntueUk=
github.com/mattn/go-shellwords v1.0.3/go.mod h1:3xCvwCdWdlDJUrvuMn7Wuy9eWs4pE8vqg+NOMyg4B2o=
github.com/mattn/go-sqlite3 v0.0.0-20161215041557-2d44decb4941/go.mod h1:JeunTJW/m9WU46hHGbucZl+vxzXYc/4cOn7iE0+i+Qg=
github.com/matttproud/golang_protobuf_extensions v1.0.1/go.mod h1:i9QeUU4bH5u3JtgUeSJ0fWtHYVIi7Ck6kdcuYZx58/Y=
github.com/mgutz/ansi v0.0.0-20170206155736-9520e82c474b/go.mod h1:cr/4k+asp8exUdj3YXuqKotjvCypzoGk2TIuW9kDvog=
github.com/mholt/archiver v2.1.0+incompatible h1:1ivm7KAHPtPere1YDOdrY6xGdbMNGRWThZbYh5lWZT0=
github.com/mholt/archiver v2.1.0+incompatible/go.mod h1:B+ExLS1+8fkXLYJZfX7+xuji2/GN9U8STa1sSZnwcPQ=
github.com/microcosm-cc/bluemonday v1.0.1/go.mod h1:xgbaDI7sMT8C/IdQVFPtYAVes/dJHETFeO0YcAjW7Yk=
github.com/mitchellh/go-homedir v1.0.0 h1:vKb8ShqSby24Yrqr/yDYkuFz8d0WUjys40rvnGC8aR0=
github.com/mitchellh/go-homedir v1.0.0/go.mod h1:SfyaCUpYCn1Vlf4IUYiD9fPX4A5wJrkLzIz1N1q0pr0=
github.com/mitchellh/mapstructure v1.0.0/go.mod h1:FVVH3fgwuzCH5S8UJGiWEs2h04kUh9fWfEaFds41c1Y=
github.com/mitchellh/mapstructure v1.1.2/go.mod h1:FVVH3fgwuzCH5S8UJGiWEs2h04kUh9fWfEaFds41c1Y=
github.com/modern-go/concurrent v0.0.0-20180228061459-e0a39a4cb421/go.mod h1:6dJC0mAP4ikYIbvyc7fijjWJddQyLn8Ig3JB5CqoB9Q=
github.com/modern-go/concurrent v0.0.0-20180306012644-bacd9c7ef1dd/go.mod h1:6dJC0mAP4ikYIbvyc7fijjWJddQyLn8Ig3JB5CqoB9Q=
github.com/modern-go/reflect2 v0.0.0-20180701023420-4b7aa43c6742/go.mod h1:gURi7255AHTMp7khcnGL9/ujuHYAXWnNL9mgjZtmM4k=
github.com/modern-go/reflect2 v1.0.1/go.mod h1:gURi7255AHTMp7khcnGL9/ujuHYAXWnNL9mgjZtmM4k=
github.com/mreiferson/go-ujson v0.0.0-20160507014224-e88340868a14/go.mod h1:pRizrH03mzcoHZVa3eK2eoMfq4COW0kGOqapG3/ewkE=
github.com/mwitkow/go-conntrack v0.0.0-20161129095857-cc309e4a2223/go.mod h1:y6OMT7eaoFkYmdImFon/iffbq+cX6bS0LbE7PVPCZFw=
github.com/nbutton23/zxcvbn-go v0.0.0-20180912185939-ae427f1e4c1d/go.mod h1:urBxknmIdHQ/DZfVo1b2Xj3M4KrYwccvjS1xe6PQx30=
github.com/neelance/astrewrite v0.0.0-20160511093645-99348263ae86/go.mod h1:kHJEU3ofeGjhHklVoIGuVj85JJwZ6kWPaJwCIxgnFmo=
github.com/neelance/sourcemap v0.0.0-20151028013722-8c68805598ab/go.mod h1:Qr6/a/Q4r9LP1IltGz7tA7iOK1WonHEYhu1HRBA7ZiM=
github.com/nwaples/rardecode v0.0.0-20171029023500-e06696f847ae/go.mod h1:5DzqNKiOdpKKBH87u8VlvAnPZMXcGRhxWkRpHbbfGS0=
github.com/nwaples/rardecode v1.0.0 h1:r7vGuS5akxOnR4JQSkko62RJ1ReCMXxQRPtxsiFMBOs=
github.com/nwaples/rardecode v1.0.0/go.mod h1:5DzqNKiOdpKKBH87u8VlvAnPZMXcGRhxWkRpHbbfGS0=
github.com/olekukonko/tablewriter v0.0.0-20170122224234-a0225b3f23b5/go.mod h1:lUNhRfIRyXEbZEgNlHfzexRmJGnu7pBbJrTI/yaHiIg=
github.com/onsi/ginkgo v1.6.0/go.mod h1:jR9LlHqIPGePfWSZ7FGZ1ZJUppHegQgX96NwgFc7STw=
github.com/onsi/ginkgo v1.7.0/go.mod h1:jR9LlHqIPGePfWSZ7FGZ1ZJUppHegQgX96NwgFc7STw=
github.com/onsi/gomega v1.4.3/go.mod h1:ex+gbHU/CVuBBDIJjb2X0qEXbFg53c61hWP/1CpauHY=
github.com/opentracing/basictracer-go v1.0.0/go.mod h1:TecDYriFAMwx7um3FlP4wAM8sVbAmMjn30OD3zsRdgk=
github.com/opentracing/opentracing-go v1.0.2/go.mod h1:CDVmKdCg6XIsmLf4aPlDQS7AenU7dBAzbEsPD4qtalc=
github.com/openzipkin/zipkin-go v0.1.1/go.mod h1:AA6Y7qq3tv8/C9xfSo2rlAbkYH2x5+85T+cXLUmZi8U=
github.com/pelletier/go-buffruneio v0.2.0 h1:U4t4R6YkofJ5xHm3dJzuRpPZ0mr5MMCoAWooScCR7aA=
github.com/pelletier/go-buffruneio v0.2.0/go.mod h1:JkE26KsDizTr40EUHkXVtNPvgGtbSNq5BcowyYOWdKo=
github.com/pelletier/go-toml v1.2.0/go.mod h1:ruOXud0UGBt/Lvxav1dMoYO6YVvdO56hLiPRrNTURVU=
github.com/peterbourgon/diskv v2.0.1+incompatible/go.mod h1:5d8ko6oNFNy2a2rmAW2man5XQomPzsRNGyjwasYv29U=
github.com/pierrec/lz4 v2.0.5+incompatible h1:2xWsjqPFWcplujydGg4WmhC/6fZqK42wMM8aXeqhl0I=
github.com/pierrec/lz4 v2.0.5+incompatible/go.mod h1:TXjtXaSJQu2eWkOd05QGrHPQo/iUAjn3AfX2nLdSdL4=
github.com/pkg/errors v0.8.0/go.mod h1:bwawxfHBFNV+L2hUp1rHADufV3IMtnDRdf1r5NINEl0=
github.com/pkg/errors v0.8.1 h1:iURUrRGxPUNPdy5/HRSm+Yj6okJ6UtLINN0Q9M4+h3I=
github.com/pkg/errors v0.8.1/go.mod h1:bwawxfHBFNV+L2hUp1rHADufV3IMtnDRdf1r5NINEl0=
github.com/pkg/profile v1.2.1/go.mod h1:hJw3o1OdXxsrSjjVksARp5W95eeEaEfptyVZyv6JUPA=
github.com/pkg/sftp v1.8.3/go.mod h1:5NMlzSwqPqP6MOmQU8TXqlj3SbRtsBgJZooZZvoI6r8=
github.com/pmezard/go-difflib v0.0.0-20151028094244-d8ed2627bdf0/go.mod h1:iKH77koFhYxTK1pcRnkKkqfTogsbg7gZNVY4sRDYZ/4=
github.com/pmezard/go-difflib v1.0.0/go.mod h1:iKH77koFhYxTK1pcRnkKkqfTogsbg7gZNVY4sRDYZ/4=
github.com/pquerna/ffjson v0.0.0-20181028064349-e517b90714f7/go.mod h1:immWm3hvL/MrPJVJvHgrz1UKzTRtugKqlnyDC+odkds=
github.com/prometheus/client_golang v0.8.0/go.mod h1:mCnyXY0ym1WaadIrLsJHCtCmrAayShms1ZWCcPH4Cog=
github.com/prometheus/client_golang v0.9.1/go.mod h1:7SWBe2y4D6OKWSNQJUaRYU/AaXPKyh/dDVn+NZz0KFw=
github.com/prometheus/client_golang v0.9.2/go.mod h1:OsXs2jCmiKlQ1lTBmv21f2mNfw4xf/QclQDMrYNZzcM=
github.com/prometheus/client_model v0.0.0-20180712105110-5c3871d89910/go.mod h1:zNefHL1zks8lgc9kbV7N9YpjKDNZ6txUejMZA8hezm4=
github.com/prometheus/common v0.0.0-20180801064454-c7de2306084e/go.mod h1:1Ua6QzepmlkrToPGR9W/py3wFCpcXtSBDeqp9DE9xQE=
github.com/prometheus/common v0.0.0-20181126121408-4724e9255275/go.mod h1:o1gHowIFalUynzxMEXb7lY2PbzHqfZMeLSnUVnqcZNw=
github.com/prometheus/common v0.0.0-20190107103113-2998b132700a/go.mod h1:TNfzLD0ON7rHzMJeJkieUDPYmFC7Snx/y86RQel1bk4=
github.com/prometheus/procfs v0.0.0-20180725123919-05ee40e3a273/go.mod h1:c3At6R/oaqEKCNdg8wHV1ftS6bRYblBhIjjI8uT2IGk=
github.com/prometheus/procfs v0.0.0-20181005140218-185b4288413d/go.mod h1:c3At6R/oaqEKCNdg8wHV1ftS6bRYblBhIjjI8uT2IGk=
github.com/prometheus/procfs v0.0.0-20181204211112-1dc9a6cbc91a/go.mod h1:c3At6R/oaqEKCNdg8wHV1ftS6bRYblBhIjjI8uT2IGk=
github.com/prometheus/procfs v0.0.0-20190104112138-b1a0a9a36d74/go.mod h1:c3At6R/oaqEKCNdg8wHV1ftS6bRYblBhIjjI8uT2IGk=
github.com/rcrowley/go-metrics v0.0.0-20181016184325-3113b8401b8a/go.mod h1:PVxMyfhHnWAXzd4pRuB+7loptm3XkREzGJpCk5L5Y84=
github.com/remyoudompheng/bigfft v0.0.0-20170806203942-52369c62f446/go.mod h1:uYEyJGbgTkfkS4+E/PavXkNJcbFIpEtjt2B0KDQ5+9M=
github.com/rogpeppe/fastuuid v0.0.0-20150106093220-6724a57986af/go.mod h1:XWv6SoW27p1b0cqNHllgS5HIMJraePCO15w5zCzIWYg=
github.com/rs/xid v1.2.1/go.mod h1:+uKXf+4Djp6Md1KODXJxgGQPKngRmWyn10oCKFzNHOQ=
github.com/rs/zerolog v1.11.0/go.mod h1:pesvhzuDrPqDpvjHAIXpspBRLDxvD4h0j+bsKyia6F0=
github.com/russross/blackfriday v0.0.0-20170728175326-4048872b16cc/go.mod h1:JO/DiYxRf+HjHt06OyowR9PTA263kcR/rfWxYHBV53g=
github.com/russross/blackfriday v1.5.2/go.mod h1:JO/DiYxRf+HjHt06OyowR9PTA263kcR/rfWxYHBV53g=
github.com/russross/blackfriday v2.0.0+incompatible/go.mod h1:RI1WNAI0TATv1mwIk7q4Ito7JY79IKmMUaFnLnIbXM0=
github.com/ruudk/golang-pdf417 v0.0.0-20181029194003-1af4ab5afa58/go.mod h1:6lfFZQK844Gfx8o5WFuvpxWRwnSoipWe/p622j1v06w=
github.com/rwcarlsen/goexif v0.0.0-20180518182100-8d986c03457a/go.mod h1:hPqNNc0+uJM6H+SuU8sEs5K5IQeKccPqeSjfgcKGgPk=
github.com/satori/go.uuid v1.2.0/go.mod h1:Ozzkrkl8tvPFgHafacmoDapEJkcQR4l4Vo6Hv2Kye0I=
github.com/sergi/go-diff v1.0.0 h1:Kpca3qRNrduNnOQeazBd0ysaKrUJiIuISHxogkT9RPQ=
github.com/sergi/go-diff v1.0.0/go.mod h1:uLymDWDSMPYz5sB/9v83XB/KNlZA7LBbhoZwm+LhjKs=
github.com/shurcooL/component v0.0.0-20170202220835-f88ec8f54cc4/go.mod h1:6tmpedSCA3UbuKilwAkx9XlZFbTBbuIp+cp85zOWYE4=
github.com/shurcooL/events v0.0.0-20181021180414-410e4ca65f48/go.mod h1:A7fSmudalwMxZO3NwH+0PzWth6cnb+X3Co8h6MGrZjE=
github.com/shurcooL/frontend v0.0.0-20180531171852-7e359e4b7b17/go.mod h1:azHV08PajRajZ4uqkUXYMIg4A+lfv75NGgFSOcKnOuA=
github.com/shurcooL/github_flavored_markdown v0.0.0-20181002035957-2122de532470/go.mod h1:2dOwnU2uBioM+SGy2aZoq1f/Sd1l9OkAeAUvjSyvgU0=
github.com/shurcooL/githubv4 v0.0.0-20181216014959-b89dc648a159/go.mod h1:k7TcwqiS/6F+jtb/7Fl3tjHbQGCG091tqVUVE37SXOs=
github.com/shurcooL/go v0.0.0-20180423040247-9e1955d9fb6e/go.mod h1:r7DXV65NcPJam2ehb/2dQw93++1dANi629nSKai1ikg=
github.com/shurcooL/go v0.0.0-20181215222900-0143a8f55f04/go.mod h1:r7DXV65NcPJam2ehb/2dQw93++1dANi629nSKai1ikg=
github.com/shurcooL/go-goon v0.0.0-20170922171312-37c2f522c041/go.mod h1:eMOSz7JmZddubAvSXmd8RsKCh4RohcJzF85+AOfjqVg=
github.com/shurcooL/gofontwoff v0.0.0-20180329035133-29b52fc0a18d/go.mod h1:m4DzX9MybZqXSLwq2GONG9MQRizbAa4z6KZbbxIe4I8=
github.com/shurcooL/gofontwoff v0.0.0-20181114050219-180f79e6909d/go.mod h1:/HMQukzWb2YF6KXSIQhgYv/Gk+bQPZLOe7gvZwFBXIA=
github.com/shurcooL/gopherjslib v0.0.0-20160914041154-feb6d3990c2c/go.mod h1:2xKAHOxVXch7W9tX5d12y0UPBByvCTbxO7S97ByWjAA=
github.com/shurcooL/graphql v0.0.0-20181114023618-16b88644589a/go.mod h1:GshgDuREVpke/jVfCHsc0oKjgaD7kSL48bC7dIAvBH8=
github.com/shurcooL/highlight_diff v0.0.0-20170515013008-09bb4053de1b/go.mod h1:ZpIRab61GFOMRfmwQ73zsVSiLYvkB792ysIZzEN+OWk=
github.com/shurcooL/highlight_go v0.0.0-20181028180052-98c3abbbae20/go.mod h1:wLIXh8zZO+852IB6mJkHp3wX3YPhWf1kr/IDuOlkk70=
github.com/shurcooL/home v0.0.0-20181020052607-80b7ffcb30f9/go.mod h1:u8QxvKyfaXOiYRspf5b6jM0MYPjITcRGDHwFC9FlSI8=
github.com/shurcooL/home v0.0.0-20181114035443-3ad91d15a504/go.mod h1:7+0Y6N5CBs8n/yB8YdlAveGjnMFxsQ3Oh19xBTATCZA=
github.com/shurcooL/htmlg v0.0.0-20170918183704-d01228ac9e50/go.mod h1:HoZlokexp8dRIW9dJO3nL3fBJ13J90lqZyByEEHoS2o=
github.com/shurcooL/httperror v0.0.0-20170206035902-86b7830d14cc/go.mod h1:aYMfkZ6DWSJPJ6c4Wwz3QtW22G7mf/PEgaB9k/ik5+Y=
github.com/shurcooL/httpfs v0.0.0-20171119174359-809beceb2371/go.mod h1:mvw2EXml/cHee4klnK8uljX8zml9mcOMFNM0tsyHN7I=
github.com/shurcooL/httpgzip v0.0.0-20180522190206-b1c53ac65af9/go.mod h1:Tm/jAcXq8wWTODUAm7VPUVEK11zroNArwI3lsA0+0T8=
github.com/shurcooL/issues v0.0.0-20181008053335-6292fdc1e191/go.mod h1:tyNPf/Vu43zDQn9jtXhyC38aLhCuLmeBkvWQ/vxdrFY=
github.com/shurcooL/issuesapp v0.0.0-20180602232740-048589ce2241/go.mod h1:iUVTaRpzZG9xvhshdG03pZinWtSSokOqe8Fg5q0ckHk=
github.com/shurcooL/issuesapp v0.0.0-20181114033819-d91d66789394/go.mod h1:iUVTaRpzZG9xvhshdG03pZinWtSSokOqe8Fg5q0ckHk=
github.com/shurcooL/markdownfmt v0.0.0-20180625154226-5ba28a0bf004/go.mod h1:wxXx+8Q8GuQ7PYyTDVX8Brt1iwor5zZ3DI8M+D9XUeY=
github.com/shurcooL/notifications v0.0.0-20181007000457-627ab5aea122/go.mod h1:v+K3OIEJF5u6Y8K6JaXau+dopc/HHvuwZJTmNVSyCzE=
github.com/shurcooL/notifications v0.0.0-20181111060504-bcc2b3082a7a/go.mod h1:v+K3OIEJF5u6Y8K6JaXau+dopc/HHvuwZJTmNVSyCzE=
github.com/shurcooL/notificationsapp v0.0.0-20181114034014-0a6e54cc4198/go.mod h1:lecf9DBaEniIjhUaMOs5pUBFJWF6HSrZfpUQLGyqm4I=
github.com/shurcooL/octicon v0.0.0-20181028054416-fa4f57f9efb2/go.mod h1:UKFR786Vuv3n4Q0JPwSxI27V6A1cX58g14YNnU6GJIw=
github.com/shurcooL/reactions v0.0.0-20181006231557-f2e0b4ca5b82/go.mod h1:G6i+GG+VyIeEuapcFpG30FXO0TStI2uAovtrwcmLrDc=
github.com/shurcooL/resume v0.0.0-20181007181512-33b7b5e8c05d/go.mod h1:Isio9rdlbNFEzV2gel2t5ACYoFX/mrH5nA+mFEAzhUY=
github.com/shurcooL/sanitized_anchor_name v0.0.0-20170918181015-86672fcb3f95/go.mod h1:1NzhyTcUVG4SuEtjjoZeVRXNmyL/1OwPU0+IJeTBvfc=
github.com/shurcooL/users v0.0.0-20180125191416-49c67e49c537/go.mod h1:/VTH0+c5WCojRi1JaFps3l9zj51Qf1VouFq09XAlsCM=
github.com/shurcooL/vfsgen v0.0.0-20181202132449-6a9ea43bcacd/go.mod h1:udL6DUT37n2IyNUmTjU0gXhtAulq0KkceRzmJjVrM9U=
github.com/shurcooL/webdavfs v0.0.0-20170829043945-18c3829fa133/go.mod h1:6kBTik0zRLuJmaHVjLPf7JV2dvd4n0WILKPae094rqU=
github.com/shurcooL/webdavfs v0.0.0-20181215192745-5988b2d638f6/go.mod h1:6kBTik0zRLuJmaHVjLPf7JV2dvd4n0WILKPae094rqU=
github.com/sirupsen/logrus v0.0.0-20140829175119-d70cdce21e9a/go.mod h1:pMByvHTf9Beacp5x1UXfOR9xyW/9antXMhjMPG0dEzc=
github.com/sirupsen/logrus v1.2.0/go.mod h1:LxeOpSwHxABJmUn/MG1IvRgCAasNZTLOkJPxbbu5VWo=
github.com/smartystreets/assertions v0.0.0-20180927180507-b2de0cb4f26d/go.mod h1:OnSkiWE9lh6wB0YB77sQom3nweQdgAjqCqsofrRNTgc=
github.com/smartystreets/go-aws-auth v0.0.0-20180515143844-0c1422d1fdb9/go.mod h1:T6+Iu/m6hZXjvwE13rlQpirjyC6+mDUNjMUxLqnUYZY=
github.com/smartystreets/goconvey v0.0.0-20181108003508-044398e4856c/go.mod h1:+7m9dunsumYAakEFDyWTgHwDcMaV70Rd/YpemhsTpG8=
github.com/smartystreets/gunit v0.0.0-20180314194857-6f0d6275bdcd/go.mod h1:ZIp3GftuOtsC5fEP1p7so6wDB9w1942gda+4TILgDws=
github.com/soheilhy/cmux v0.1.4/go.mod h1:guqZfxu085oMO6GOeNW4HxcMGKHHjTR1h3+TvAA7VAc=
github.com/sourcegraph/annotate v0.0.0-20160123013949-f4cad6c6324d/go.mod h1:UdhH50NIW0fCiwBSr0co2m7BnFLdv4fQTgdqdJTHFeE=
github.com/sourcegraph/syntaxhighlight v0.0.0-20170531221838-bd320f5d308e/go.mod h1:TqDXkBoiWzSv7QCI1OxESOFh+LrpyQs/qIWD19Fv8w4=
github.com/spf13/afero v1.1.2/go.mod h1:jQ6TsP40vt7bTxLJWDPMt5Ok3hA0dSgj+J6c2SV1IKo=
github.com/spf13/cast v1.2.0/go.mod h1:sFhdKemTWcTIQlxUnfNFYi/Ui9OMGblEOeXc+h3ldNA=
github.com/spf13/cast v1.3.0/go.mod h1:Qx5cxh0v+4UWYiBimWS+eyWzqEqokIECu5etghLkUJE=
github.com/spf13/cobra v0.0.3/go.mod h1:Tv6Mgx4ESfSSthWnJJTr5gHVg+Lo5gX9q7NVPfsGmeg=
github.com/spf13/jwalterweatherman v1.0.0/go.mod h1:QmkVSMf3CgiBdzm6mNFmG9+CRiDD67J61hbA5u4+8QU=
github.com/spf13/pflag v1.0.2/go.mod h1:DYY7MBk1bdzusC3SYhjObp+wFpr4gzcvqqNjLnInEg4=
github.com/spf13/pflag v1.0.3/go.mod h1:DYY7MBk1bdzusC3SYhjObp+wFpr4gzcvqqNjLnInEg4=
github.com/spf13/viper v1.2.1/go.mod h1:P4AexN0a+C9tGAnUFNwDMYYZv3pjFuvmeiMyKRaNVlI=
github.com/spf13/viper v1.3.1/go.mod h1:ZiWeW+zYFKm7srdB9IoDzzZXaJaI5eL9QjNiN/DMA2s=
github.com/src-d/gcfg v1.3.0/go.mod h1:NjVJfZEXDc33WE63g6UOliqDpFznkRe5H6cXcghTiiM=
github.com/src-d/gcfg v1.4.0 h1:xXbNR5AlLSA315x2UO+fTSSAXCDf+Ar38/6oyGbDKQ4=
github.com/src-d/gcfg v1.4.0/go.mod h1:NjVJfZEXDc33WE63g6UOliqDpFznkRe5H6cXcghTiiM=
github.com/stathat/go v1.0.0/go.mod h1:+9Eg2szqkcOGWv6gfheJmBBsmq9Qf5KDbzy8/aYYR0c=
github.com/stretchr/objx v0.0.0-20140526180921-cbeaeb16a013/go.mod h1:VEVpwLSaasoWdWjrVz2HHREV6YWNeI6ND+Vg/e/lYkQ=
github.com/stretchr/objx v0.1.0/go.mod h1:TtuWjwLxPEv+6EcpMWGQPVGQzdZuBUjeEmfgSXMuAJo=
github.com/stretchr/objx v0.1.1/go.mod h1:tbOmgNkCaPseboQbIRxvOc/a7/+Z3hC3IEyK/YyELpE=
github.com/stretchr/testify v1.1.4/go.mod h1:cc0WRjL656RPQH77rxzSLK171PuUlSyWNgby8E7M0JE=
github.com/stretchr/testify v1.2.0/go.mod h1:Yh7vu7B36bBdZ+Oe1dekJkvOm9nJTcxTjZO4BVxjh9s=
github.com/stretchr/testify v1.2.2/go.mod h1:ac8c7OmUEqR+RJwEe68dcvOdoMZp7kMhzjpTOB+UWbQ=
github.com/syndtr/goleveldb v0.0.0-20181128100959-b001fa50d6b2/go.mod h1:YJKMLgFOMTS3b8xbAZdRUd+TFs8PxSXiTJkDQ71vFTk=
github.com/tambet/go-asana v0.0.0-20161015030314-6c0cb7090a14/go.mod h1:UVDBgJ1sgpZYWMOz6tOcBRy2JfqQFjOcc7MYSG9Vfqg=
github.com/tarm/serial v0.0.0-20180830185346-98f6abe2eb07/go.mod h1:ajXAObIZyqg5ayAIfO7ExhOHl+3wYLdnk1nrcqPIelw=
github.com/thinkerou/favicon v0.1.0/go.mod h1:iv6nvbZGLNf+WaIN25hTRIK5nh2Q7Mju7CWZM1JORr0=
github.com/tj/go-elastic v0.0.0-20171221160941-36157cbbebc2/go.mod h1:k45dUdD64SwuGytDJEBiEI4M05z+S0NYM64kF0Su3wM=
github.com/tj/go-kinesis v0.0.0-20171128231115-08b17f58cb1b/go.mod h1:a+PxfjxA01ZsZcmtxHuEthOPK2jyB1a6ohBha1eIoAQ=
github.com/tj/go-spin v1.1.0/go.mod h1:Mg1mzmePZm4dva8Qz60H2lHwmJ2loum4VIrLgVnKwh4=
github.com/tmc/grpc-websocket-proxy v0.0.0-20171017195756-830351dc03c6/go.mod h1:toLK6J0VMMJ2aRFiZKcCggT5d9QBoMJMm1zrnJMgZ7I=
github.com/ugorji/go/codec v0.0.0-20181204163529-d75b2dcb6bc8/go.mod h1:3q4jM+NZynlIC96VO43iPws+mN+jf2J6oyw0w4AUb/I=
github.com/ugorji/go/codec v0.0.0-20181209151446-772ced7fd4c2/go.mod h1:3q4jM+NZynlIC96VO43iPws+mN+jf2J6oyw0w4AUb/I=
github.com/ulikunitz/xz v0.5.4/go.mod h1:2bypXElzHzzJZwzH67Y6wb67pO62Rzfn7BSiF4ABRW8=
github.com/ulikunitz/xz v0.5.5 h1:pFrO0lVpTBXLpYw+pnLj6TbvHuyjXMfjGeCwSqCVwok=
github.com/ulikunitz/xz v0.5.5/go.mod h1:2bypXElzHzzJZwzH67Y6wb67pO62Rzfn7BSiF4ABRW8=
github.com/urfave/cli v1.18.0/go.mod h1:D+G75bkQmBkdNQXMKci3jS3rBQQ4WNZeVWSKY1gfZ8I=
github.com/urfave/negroni v1.0.0/go.mod h1:Meg73S6kFm/4PpbYdq35yYWoCZ9mS/YSx+lKnmiohz4=
github.com/xanzy/ssh-agent v0.2.0 h1:Adglfbi5p9Z0BmK2oKU9nTG+zKfniSfnaMYB+ULd+Ro=
github.com/xanzy/ssh-agent v0.2.0/go.mod h1:eyXo0YqqpBQriv0WzYFnnR779+8JMW1j5TmEEGEhg5g=
github.com/xiang90/probing v0.0.0-20160813154853-07dd2e8dfe18/go.mod h1:UETIi67q53MR2AWcXfiuqkDkRtnGDLqkBTpCHuJHxtU=
github.com/xordataexchange/crypt v0.0.3-0.20170626215501-b2862e3d0a77/go.mod h1:mHaZbPJguNqYQyYbeW66WaynA6UDySk6CGX/4dMYVJo=
github.com/zenazn/goji v0.9.0/go.mod h1:bbiMwlZv+w8Y8rsJZccIYpMyiUKVoozY3iI+99F45s8=
go.opencensus.io v0.15.0/go.mod h1:4PaXmgM0yDG2J1bssJ1JUTAtp/hm27OxIZENvPS+1Ro=
go.opencensus.io v0.18.0/go.mod h1:vKdFvxhtzZ9onBp9VKHK8z/sRpBMnKAsufL7wlDrCOA=
go.pedge.io/env v0.0.0-20171203202719-5f5a7ded0de0/go.mod h1:XtTbvL28yO7mSH3JnWLX405D7p3EXFW76sZ0oVinFLM=
go.pedge.io/lion v0.0.0-20180209205627-cec50fdf118c/go.mod h1:zxhLiwSbJl+gHMlZdlfRvTBmgnNOBgYpVVvZW2KUC0M=
go.uber.org/atomic v1.1.0/go.mod h1:mkwjp8vF7zaLem5psg82tjCGU4gxHItbpVbaVjkGs34=
go.uber.org/atomic v1.2.0/go.mod h1:mkwjp8vF7zaLem5psg82tjCGU4gxHItbpVbaVjkGs34=
go.uber.org/atomic v1.3.2/go.mod h1:mkwjp8vF7zaLem5psg82tjCGU4gxHItbpVbaVjkGs34=
go.uber.org/multierr v1.1.0/go.mod h1:b8cWRljLQ21wPLCqvQ4vzkaJRfvul/KAwmCa5QnmI+w=
go.uber.org/zap v1.9.1/go.mod h1:RqLgdZvx0Nse6Jii66x+FwwxWR29FI5ndwDQxNiSt70=
go4.org v0.0.0-20180809161055-417644f6feb5/go.mod h1:Tr8bR2+RMbtd/kLZbxHi9TDfrjts3PRHWhq5ls+v1Xs=
go4.org v0.0.0-20181109185143-00e24f1b2599/go.mod h1:Tr8bR2+RMbtd/kLZbxHi9TDfrjts3PRHWhq5ls+v1Xs=
golang.org/x/build v0.0.0-20181214162725-50b1eb88143d/go.mod h1:OWs+y06UdEOHN4y+MfF/py+xQ/tYqIWW03b70/CG9Rw=
golang.org/x/crypto v0.0.0-20170606163016-e7ba82683099/go.mod h1:CgLdhWGkPC3/2Frm6E6VtYJgHIupw7pqpt7iji89qP4=
golang.org/x/crypto v0.0.0-20180904163835-0709b304e793/go.mod h1:CgLdhWGkPC3/2Frm6E6VtYJgHIupw7pqpt7iji89qP4=
golang.org/x/crypto v0.0.0-20181001203147-e3636079e1a4/go.mod h1:CgLdhWGkPC3/2Frm6E6VtYJgHIupw7pqpt7iji89qP4=
golang.org/x/crypto v0.0.0-20181030102418-4d3f4d9ffa16/go.mod h1:CgLdhWGkPC3/2Frm6E6VtYJgHIupw7pqpt7iji89qP4=
golang.org/x/crypto v0.0.0-20181203042331-505ab145d0a9 h1:mKdxBk7AujPs8kU4m80U72y/zjbZ3UcXC7dClwKbUI0=
golang.org/x/crypto v0.0.0-20181203042331-505ab145d0a9/go.mod h1:CgLdhWGkPC3/2Frm6E6VtYJgHIupw7pqpt7iji89qP4=
golang.org/x/exp v0.0.0-20181210123644-7d6377eee41f/go.mod h1:HkfSWKoawq4d5C42PPwHDEw2AFhVo7gQb53DfxAXeY8=
golang.org/x/image v0.0.0-20181116024801-cd38e8056d9b/go.mod h1:jkrEQTjtIsxdfOQlOWsCMxKQyV8C4QJyr7tmJOaWy7k=
golang.org/x/lint v0.0.0-20180702182130-06c8688daad7/go.mod h1:97XPFXZGro6RbaxWIvFP4SnqM6/z+FA78mLkxIittI8=
golang.org/x/lint v0.0.0-20181026193005-c67002cb31c3/go.mod h1:97XPFXZGro6RbaxWIvFP4SnqM6/z+FA78mLkxIittI8=
golang.org/x/lint v0.0.0-20181212231659-93c0bb5c8393/go.mod h1:97XPFXZGro6RbaxWIvFP4SnqM6/z+FA78mLkxIittI8=
golang.org/x/lint v0.0.0-20181217174547-8f45f776aaf1/go.mod h1:UVdnD1Gm6xHRNCYTkRU2/jEulfH38KcIWyp/GAMgvoE=
golang.org/x/mobile v0.0.0-20181130133120-ca3c58166ed8/go.mod h1:29882ecXOUGCQzBu+Ao/KzOF5YfQAamHUBY2m1R0sNc=
golang.org/x/net v0.0.0-20180530234432-1e491301e022/go.mod h1:K7ahsIi1026RGTp9ZT6Dr+ye2AbRZkUx0Q4cxm2Yk+I=
golang.org/x/net v0.0.0-20180724234803-3673e40ba225/go.mod h1:K7ahsIi1026RGTp9ZT6Dr+ye2AbRZkUx0Q4cxm2Yk+I=
golang.org/x/net v0.0.0-20180826012351-8a410e7b638d/go.mod h1:x5N21LnLotBb/+DR+vTeKETQR/wcqQPvwaLci6Inhjw=
golang.org/x/net v0.0.0-20180906233101-161cd47e91fd/go.mod h1:K7ahsIi1026RGTp9ZT6Dr+ye2AbRZkUx0Q4cxm2Yk+I=
golang.org/x/net v0.0.0-20180926154720-4dfa2610cdf3/go.mod h1:K7ahsIi1026RGTp9ZT6Dr+ye2AbRZkUx0Q4cxm2Yk+I=
golang.org/x/net v0.0.0-20181029044818-c44066c5c816/go.mod h1:K7ahsIi1026RGTp9ZT6Dr+ye2AbRZkUx0Q4cxm2Yk+I=
golang.org/x/net v0.0.0-20181106065722-10aee1819953/go.mod h1:K7ahsIi1026RGTp9ZT6Dr+ye2AbRZkUx0Q4cxm2Yk+I=
golang.org/x/net v0.0.0-20181114220301-adae6a3d119a/go.mod h1:mL1N/T3taQHkDXs73rZJwtUhF3w3ftmwwsq0BUmARs4=
golang.org/x/net v0.0.0-20181201002055-351d144fa1fc/go.mod h1:x5N21LnLotBb/+DR+vTeKETQR/wcqQPvwaLci6Inhjw=
golang.org/x/net v0.0.0-20181213202711-891ebc4b82d6 h1:gT0Y6H7hbVPUtvtk0YGxMXPgN+p8fYlqWkgJeUCZcaQ=
golang.org/x/net v0.0.0-20181213202711-891ebc4b82d6/go.mod h1:K7ahsIi1026RGTp9ZT6Dr+ye2AbRZkUx0Q4cxm2Yk+I=
golang.org/x/oauth2 v0.0.0-20180603041954-1e0a3fa8ba9a/go.mod h1:xCzwSvNid92CpvBD6c9IrDsIMP7ElYi4zD8AE5Eu4T4=
golang.org/x/oauth2 v0.0.0-20180821212333-d2e6202438be/go.mod h1:xCzwSvNid92CpvBD6c9IrDsIMP7ElYi4zD8AE5Eu4T4=
golang.org/x/oauth2 v0.0.0-20181017192945-9dcd33a902f4/go.mod h1:xCzwSvNid92CpvBD6c9IrDsIMP7ElYi4zD8AE5Eu4T4=
golang.org/x/oauth2 v0.0.0-20181203162652-d668ce993890/go.mod h1:xCzwSvNid92CpvBD6c9IrDsIMP7ElYi4zD8AE5Eu4T4=
golang.org/x/perf v0.0.0-20180704124530-6e6d33e29852/go.mod h1:2kz/meivGBS8NHZiDUEjiwJmr48AcW1f7lSUvY+9fV8=
golang.org/x/sync v0.0.0-20180314180146-1d60e4601c6f/go.mod h1:uc5L9s5uBeGisgLVzruvm8WUGHis/yI6teFKv4+bIws=
golang.org/x/sync v0.0.0-20181108010431-42b317875d0f/go.mod h1:RxMgew5VJxzue5/jJTE5uejpjVlOe/izrB70Jof72aM=
golang.org/x/sys v0.0.0-20160717071931-a646d33e2ee3/go.mod h1:STP8DvDyc/dI5b8T5hshtkjS+E42TnysNCUPdjciGhY=
golang.org/x/sys v0.0.0-20180830151530-49385e6e1522/go.mod h1:STP8DvDyc/dI5b8T5hshtkjS+E42TnysNCUPdjciGhY=
golang.org/x/sys v0.0.0-20180903190138-2b024373dcd9/go.mod h1:STP8DvDyc/dI5b8T5hshtkjS+E42TnysNCUPdjciGhY=
golang.org/x/sys v0.0.0-20180905080454-ebe1bf3edb33/go.mod h1:STP8DvDyc/dI5b8T5hshtkjS+E42TnysNCUPdjciGhY=
golang.org/x/sys v0.0.0-20180906133057-8cf3aee42992/go.mod h1:STP8DvDyc/dI5b8T5hshtkjS+E42TnysNCUPdjciGhY=
golang.org/x/sys v0.0.0-20180909124046-d0be0721c37e/go.mod h1:STP8DvDyc/dI5b8T5hshtkjS+E42TnysNCUPdjciGhY=
golang.org/x/sys v0.0.0-20181029174526-d69651ed3497/go.mod h1:STP8DvDyc/dI5b8T5hshtkjS+E42TnysNCUPdjciGhY=
golang.org/x/sys v0.0.0-20181116152217-5ac8a444bdc5/go.mod h1:STP8DvDyc/dI5b8T5hshtkjS+E42TnysNCUPdjciGhY=
golang.org/x/sys v0.0.0-20181205085412-a5c9d58dba9a/go.mod h1:STP8DvDyc/dI5b8T5hshtkjS+E42TnysNCUPdjciGhY=
golang.org/x/sys v0.0.0-20181213200352-4d1cda033e06/go.mod h1:STP8DvDyc/dI5b8T5hshtkjS+E42TnysNCUPdjciGhY=
golang.org/x/text v0.3.0/go.mod h1:9SSgO++tDxth4sPo/MokeFlKZLFJpQZ/cL4S/r4uZ9g=
golang.org/x/text v0.3.1-0.20180807135948-17ff2d5776d2 h1:z99zHgr7hKfrUcX/KsoJk5FJfjTceCKIp96+biqP4To=
golang.org/x/text v0.3.1-0.20180807135948-17ff2d5776d2/go.mod h1:9SSgO++tDxth4sPo/MokeFlKZLFJpQZ/cL4S/r4uZ9g=
golang.org/x/time v0.0.0-20180412165947-fbb02b2291d2/go.mod h1:kAD9Etoy8QxGJCPIB+XlDyot3xd+efpd2Z6couT6CQU=
golang.org/x/time v0.0.0-20181108054448-85acf8d2951c/go.mod h1:tRJNPiyCQ0inRvYxbN9jk5I+vvW/OXSQhTDSoE431IQ=
golang.org/x/tools v0.0.0-20180828015842-6cd1fcedba52/go.mod h1:FJxTpNk8nwaY5Ml/+PoFjpJkCnY0VtO06ajgbvsupFQ=
golang.org/x/tools v0.0.0-20181030000716-a0a13e073c7b/go.mod h1:1uhlG/Jym4B2kgiZpx11ku6B/syPOidaEnBmHh6IUJc=
golang.org/x/tools v0.0.0-20181214171254-3c39ce7b6105/go.mod h1:vUkF6WcHG2VcbxJojHCbhrDUbduDPwBSMGL7b8l/YZs=
google.golang.org/api v0.0.0-20180603000442-8e296ef26005/go.mod h1:QQUbSilpy4/7ckaTQnmSq1pDG8R3RrapSXSqD9qGOqI=
google.golang.org/api v0.0.0-20180910000450-7ca32eb868bf/go.mod h1:Vj1MOgblSsccd08aBMYIyuvN6Cki/810dh1pMAYBd+I=
google.golang.org/api v0.0.0-20181030000543-1d582fd0359e/go.mod h1:QQUbSilpy4/7ckaTQnmSq1pDG8R3RrapSXSqD9qGOqI=
google.golang.org/api v0.0.0-20181214000652-874d9dc5b186/go.mod h1:dOoZGn/VboRvW6qwdXMDL3LWcwgDCGW9fbSMkkhcBmc=
google.golang.org/appengine v1.0.0/go.mod h1:u6KWfMrgwTdF+WwSO2KxgjBNoHsa/EYuFj/y+he+zqE=
google.golang.org/appengine v1.1.0/go.mod h1:+w95W7fYfS2PAizjqJXYZ4GrVY7NjaT7d79MDOvLGnA=
google.golang.org/appengine v1.2.0/go.mod h1:xpcJRLb0r/rnEns0DIKYYv+WjYCduHsrkT7/EB5XEv4=
google.golang.org/appengine v1.3.0/go.mod h1:xpcJRLb0r/rnEns0DIKYYv+WjYCduHsrkT7/EB5XEv4=
google.golang.org/genproto v0.0.0-20180601223552-81158efcc9f2/go.mod h1:OD8QSddtBOEjke4kT5tpur9KoBdmfy41ELGD+xyPaVE=
google.golang.org/genproto v0.0.0-20180817151627-c66870c02cf8/go.mod h1:OD8QSddtBOEjke4kT5tpur9KoBdmfy41ELGD+xyPaVE=
google.golang.org/genproto v0.0.0-20180831171423-11092d34479b/go.mod h1:OD8QSddtBOEjke4kT5tpur9KoBdmfy41ELGD+xyPaVE=
google.golang.org/genproto v0.0.0-20181029155118-b69ba1387ce2/go.mod h1:OD8QSddtBOEjke4kT5tpur9KoBdmfy41ELGD+xyPaVE=
google.golang.org/genproto v0.0.0-20181202183823-bd91e49a0898/go.mod h1:7Ep/1NZk928CDR8SjdVbjWNpdIf6nzjE3BTgJDr2Atg=
google.golang.org/grpc v1.12.0/go.mod h1:yE3va9DpA8MM6WDhQlegnfVUcVs/2vtHFyf7wjjahao=
google.golang.org/grpc v1.14.0/go.mod h1:0GRtGYW6YQPOPX9tf5Az3pEmGGIkLgsAuFC9d+dEtC8=
google.golang.org/grpc v1.16.0/go.mod h1:0JHn/cJsOMiMfNA9+DeHDlAU7KAAB5GDlYFpa9MZMio=
google.golang.org/grpc v1.17.0/go.mod h1:6QZJwpn2B+Zp71q/5VxRsJ6NXXVCE5NRUHRo+f3cWCs=
gopkg.in/alecthomas/kingpin.v2 v2.2.6/go.mod h1:abmaBdZZbWLw13+RclIQloAGK7JsG0WR9KzOCY4UCZY=
gopkg.in/check.v1 v0.0.0-20161208181325-20d25e280405/go.mod h1:Co6ibVJAznAaIkqp8huTwlJQCZ016jof/cbN4VW5Yz0=
gopkg.in/check.v1 v1.0.0-20180628173108-788fd7840127/go.mod h1:HCGx4vuj7EP4BKiRCIHd6n4QxERsKnUgmWEfBbVpSO8=
gopkg.in/cheggaaa/pb.v1 v1.0.2/go.mod h1:EmVH0/3EBWEFgFzG3FJYPTLuY5d2PtFkADYcYVppt1k=
gopkg.in/fsnotify.v1 v1.2.1/go.mod h1:Tz8NjZHkW78fSQdbUxIjBTcgA1z1m8ZHf0WmKUhAMys=
gopkg.in/fsnotify.v1 v1.4.7/go.mod h1:Rq5ZC39Aa8vTSMELNYMLhjMMO+TJ4pAagrejEOrm7l0=
gopkg.in/gcfg.v1 v1.2.3/go.mod h1:w9nk/Wzy+sqkOVOZfAjSsogiqpvylv7yyVyDCYmj7YE=
gopkg.in/go-playground/assert.v1 v1.2.1/go.mod h1:9RXL0bg/zibRAgZUYszZSwO/z8Y/a8bDuhia5mkpMnE=
gopkg.in/go-playground/validator.v8 v8.18.2/go.mod h1:y8Vc+Y9ErNZyw9VXBjcCTXk8jgS1sNRmT5oFWwLoW3Q=
gopkg.in/inconshreveable/log15.v2 v2.0.0-20180818164646-67afb5ed74ec/go.mod h1:5Mhrj2p6WcDmi4wea+tWCaBk/4O5f0S6KvTnnngsFa4=
gopkg.in/inf.v0 v0.9.1/go.mod h1:cWUDdTG/fYaXco+Dcufb5Vnc6Gp2YChqWtbxRZE0mXw=
gopkg.in/pipe.v2 v2.0.0-20140414041502-3c2ca4d52544/go.mod h1:HRK6nxfujV5mDO3rdoI63yhPhMAc5Qxs8BmRuDfDmXU=
gopkg.in/src-d/go-billy.v4 v4.2.1/go.mod h1:tm33zBoOwxjYHZIE+OV8bxTWFMJLrconzFMd38aARFk=
gopkg.in/src-d/go-billy.v4 v4.3.0 h1:KtlZ4c1OWbIs4jCv5ZXrTqG8EQocr0g/d4DjNg70aek=
gopkg.in/src-d/go-billy.v4 v4.3.0/go.mod h1:tm33zBoOwxjYHZIE+OV8bxTWFMJLrconzFMd38aARFk=
gopkg.in/src-d/go-git-fixtures.v3 v3.1.1/go.mod h1:8Xk6/LtzqnHU9B7uyO8ClSpKrMACoeO/2OX5EMqUV10=
gopkg.in/src-d/go-git-fixtures.v3 v3.3.0/go.mod h1:8Xk6/LtzqnHU9B7uyO8ClSpKrMACoeO/2OX5EMqUV10=
gopkg.in/src-d/go-git.v4 v4.7.0/go.mod h1:pUc1uirneFpqYYe0IZb5hRHmffuKo+sMl+SAvpfDTfk=
gopkg.in/src-d/go-git.v4 v4.8.1 h1:aAyBmkdE1QUUEHcP4YFCGKmsMQRAuRmUcPEQR7lOAa0=
gopkg.in/src-d/go-git.v4 v4.8.1/go.mod h1:Vtut8izDyrM8BUVQnzJ+YvmNcem2J89EmfZYCkLokZk=
gopkg.in/tomb.v1 v1.0.0-20140529071818-c131134a1947/go.mod h1:dt/ZhP58zS4L8KSrWDmTeBkI65Dw0HsyUHuEVlX15mw=
gopkg.in/tomb.v1 v1.0.0-20141024135613-dd632973f1e7/go.mod h1:dt/ZhP58zS4L8KSrWDmTeBkI65Dw0HsyUHuEVlX15mw=
gopkg.in/urfave/cli.v1 v1.20.0/go.mod h1:ZC/+oWOix7UjtoB7YbLFEjmkD5wlNnwgWxUTZJ8LUGI=
gopkg.in/warnings.v0 v0.1.2 h1:wFXVbFY8DY5/xOe1ECiWdKCzZlxgshcYVNkBHstARME=
gopkg.in/warnings.v0 v0.1.2/go.mod h1:jksf8JmL6Qr/oQM2OXTHunEvvTAsrWBLb6OOjuVWRNI=
gopkg.in/yaml.v1 v1.0.0-20140924161607-9f9df34309c0/go.mod h1:JNoGOloMLBsK7cyf0H+SXshlFhMa34S2xwLf+imaook=
gopkg.in/yaml.v2 v2.2.1/go.mod h1:hI93XBmqTisBFMUTm0b8Fm+jr3Dg1NNxqwp+5A1VGuI=
gopkg.in/yaml.v2 v2.2.2/go.mod h1:hI93XBmqTisBFMUTm0b8Fm+jr3Dg1NNxqwp+5A1VGuI=
grpc.go4.org v0.0.0-20170609214715-11d0a25b4919/go.mod h1:sYLwaHDhv+dJ514zc2XvDm2DGTChyAy6uIxjUmX43u4=
honnef.co/go/js/dom v0.0.0-20181202134054-9dbdcd412bde/go.mod h1:T1unvenltCrPdEHNx4zFRwFLfQOzJwLiNVPQxXfBAeo=
honnef.co/go/tools v0.0.0-20180728063816-88497007e858/go.mod h1:fCKwQeLJh5RxqjSIfttYdALqPCsqjRFlgLNeWGSlY4I=
honnef.co/go/tools v0.0.0-20180920025451-e3ad64cb4ed3/go.mod h1:fCKwQeLJh5RxqjSIfttYdALqPCsqjRFlgLNeWGSlY4I=
sourcegraph.com/sourcegraph/appdash v0.0.0-20180531100431-4c381bd170b4/go.mod h1:rcsdoy1JUKG+uJYyLmzpU9EpF5qOVQVzvGuE4vPZToY=
sourcegraph.com/sourcegraph/appdash-data v0.0.0-20151005221446-73f23eafcf67/go.mod h1:5noe6WruTtftYpismoiGxJWs1y2+ebvcVI3o6JCFYQc=
sourcegraph.com/sourcegraph/go-diff v0.5.0/go.mod h1:kuch7UrkMzY0X+p9CRK03kfuPQ2zzQcaEFbx8wA8rck=
sourcegraph.com/sourcegraph/go-git v0.0.0-20160217042419-5768d0da5d80/go.mod h1:Hqa/mrP64gcz5PzkmyiKuajl7dpoA4FGYnV6SzjWpqQ=
sourcegraph.com/sourcegraph/go-vcs v0.0.0-20180926091141-cf981d8bcb66/go.mod h1:NJBV6KmJVOepfsrViITdkKZUHC8b7qdIQPw3DevD9uA=
sourcegraph.com/sqs/pbtypes v0.0.0-20180604144634-d3ebe8f20ae4/go.mod h1:KeRTd3rrcb8siEmEu9jRVsjZQES53l8mUEICi2ACP5E=
sourcegraph.com/sqs/pbtypes v1.0.0/go.mod h1:3AciMUv4qUuRHRHhOG4TZOB+72GdPVz5k+c648qsFS4=
